
Microsoft Visual Studio Solution File, Format Version 12.00
# Visual Studio Version 17
VisualStudioVersion = 17.0.31903.59
MinimumVisualStudioVersion = 10.0.40219.1
Project("{2150E333-8FDC-42A3-9474-1A3956D46DE8}") = "SintaxeBasica", "SintaxeBasica", "{233C46D6-FEF0-283D-45ED-A9E46B865BB3}"
EndProject
Project("{FAE04EC0-301F-11D3-BF4B-00C04F79EFBC}") = "Exercicio1", "SintaxeBasica\Exercicio1\Exercicio1.csproj", "{8B537005-3B82-4C84-9F7C-F8035986B34B}"
EndProject
Project("{FAE04EC0-301F-11D3-BF4B-00C04F79EFBC}") = "Exercicio2", "SintaxeBasica\Exercicio2\Exercicio2.csproj", "{99390CEA-3ADC-4BDA-96CA-7CDC1640AFB0}"
EndProject
Project("{2150E333-8FDC-42A3-9474-1A3956D46DE8}") = "POO", "POO", "{AF85882C-FF1C-6406-4457-EB3E9E1478ED}"
EndProject
Project("{FAE04EC0-301F-11D3-BF4B-00C04F79EFBC}") = "ExercicioPOO1", "POO\ExercicioPOO1\ExercicioPOO1.csproj", "{9E815CD9-2ECE-4D8B-A8CD-658D98F906CD}"
EndProject
Project("{FAE04EC0-301F-11D3-BF4B-00C04F79EFBC}") = "ExercicioPOO2", "POO\ExercicioPOO2\ExercicioPOO2.csproj", "{1E41C719-ED82-4948-8221-833D24539A2B}"
EndProject
Project("{FAE04EC0-301F-11D3-BF4B-00C04F79EFBC}") = "Exercicio3", "SintaxeBasica\Exercicio3\Exercicio3.csproj", "{1CBCB974-F749-432A-A03E-B5D8CAAEB767}"
EndProject
Project("{FAE04EC0-301F-11D3-BF4B-00C04F79EFBC}") = "Exercicio4", "SintaxeBasica\Exercicio4\Exercicio4.csproj", "{53E0F920-BE10-4544-86A7-5DB6770E890E}"
EndProject
Project("{FAE04EC0-301F-11D3-BF4B-00C04F79EFBC}") = "Exercicio5", "SintaxeBasica\Exercicio5\Exercicio5.csproj", "{DBAF90C5-01FE-4DD9-8BEE-9D8163C7BF69}"
EndProject
Project("{FAE04EC0-301F-11D3-BF4B-00C04F79EFBC}") = "Exercicio6", "SintaxeBasica\Exercicio6\Exercicio6.csproj", "{6924CC44-7184-4A29-B422-5F494F8C5E46}"
EndProject
Project("{FAE04EC0-301F-11D3-BF4B-00C04F79EFBC}") = "Exercicio7", "SintaxeBasica\Exercicio7\Exercicio7.csproj", "{90FCAA2C-E6B8-4E25-8123-1C53BF84D9E0}"
EndProject
Project("{FAE04EC0-301F-11D3-BF4B-00C04F79EFBC}") = "Exercicio8", "SintaxeBasica\Exercicio8\Exercicio8.csproj", "{1289C962-8BD1-4E3A-895D-12FB08185B03}"
EndProject
Project("{FAE04EC0-301F-11D3-BF4B-00C04F79EFBC}") = "Exercicio9", "SintaxeBasica\Exercicio9\Exercicio9.csproj", "{B1B37FB3-18D7-40AA-B0ED-75B056E038FC}"
EndProject
Project("{FAE04EC0-301F-11D3-BF4B-00C04F79EFBC}") = "Exercicio10", "SintaxeBasica\Exercicio10\Exercicio10.csproj", "{B57A46C2-4BE0-463B-9F77-A6673128AD1E}"
EndProject
Project("{FAE04EC0-301F-11D3-BF4B-00C04F79EFBC}") = "Exercicio11", "SintaxeBasica\Exercicio11\Exercicio11.csproj", "{78340864-F977-4731-873F-A5B7FE03A0AE}"
EndProject
Project("{FAE04EC0-301F-11D3-BF4B-00C04F79EFBC}") = "Exercicio12", "SintaxeBasica\Exercicio12\Exercicio12.csproj", "{92E4BC86-AA63-43F9-9860-3D68F6D9D479}"
EndProject
Project("{FAE04EC0-301F-11D3-BF4B-00C04F79EFBC}") = "Exercicio13", "SintaxeBasica\Exercicio13\Exercicio13.csproj", "{BBB5D7B4-94A8-45F4-B249-B48E91A366F7}"
EndProject
Project("{FAE04EC0-301F-11D3-BF4B-00C04F79EFBC}") = "Exercicio14", "SintaxeBasica\Exercicio14\Exercicio14.csproj", "{E01B6434-66C7-4A2E-959A-A3F3E507171C}"
EndProject
Project("{FAE04EC0-301F-11D3-BF4B-00C04F79EFBC}") = "Exercicio15", "SintaxeBasica\Exercicio15\Exercicio15.csproj", "{07F46504-62A8-43A2-B216-2AF53495B1D3}"
EndProject
Project("{FAE04EC0-301F-11D3-BF4B-00C04F79EFBC}") = "Exercicio16", "SintaxeBasica\Exercicio16\Exercicio16.csproj", "{11842A57-4D9D-42FC-B7C8-886C37E0A786}"
EndProject
Project("{FAE04EC0-301F-11D3-BF4B-00C04F79EFBC}") = "Exercicio17", "SintaxeBasica\Exercicio17\Exercicio17.csproj", "{4E4E4BF3-1033-4CE0-9188-6F24D12B3F0D}"
EndProject
Project("{FAE04EC0-301F-11D3-BF4B-00C04F79EFBC}") = "Exercicio18", "SintaxeBasica\Exercicio18\Exercicio18.csproj", "{66B69FC1-B75E-496F-9F26-CF4F79FDF0B0}"
EndProject
Project("{FAE04EC0-301F-11D3-BF4B-00C04F79EFBC}") = "Exercicio19", "SintaxeBasica\Exercicio19\Exercicio19.csproj", "{A390B911-AE84-4CF9-AD32-209CCFD5191E}"
EndProject
Project("{FAE04EC0-301F-11D3-BF4B-00C04F79EFBC}") = "Exercicio20", "SintaxeBasica\Exercicio20\Exercicio20.csproj", "{D8C41B89-2830-4842-9F38-4B9D604C24EF}"
EndProject
Project("{FAE04EC0-301F-11D3-BF4B-00C04F79EFBC}") = "Exercicio22", "SintaxeBasica\Exercicio22\Exercicio22.csproj", "{79B7505B-3799-4377-86B3-598FF551EEEA}"
EndProject
Project("{FAE04EC0-301F-11D3-BF4B-00C04F79EFBC}") = "Exercicio23", "SintaxeBasica\Exercicio23\Exercicio23.csproj", "{13C09B57-620D-4CDE-B112-CD39F1D7F900}"
EndProject
Project("{FAE04EC0-301F-11D3-BF4B-00C04F79EFBC}") = "Exercicio24", "SintaxeBasica\Exercicio24\Exercicio24.csproj", "{AD048E33-4A3C-4FC6-B3F3-E417DA5FE2DB}"
EndProject
Project("{FAE04EC0-301F-11D3-BF4B-00C04F79EFBC}") = "Exercicio25", "SintaxeBasica\Exercicio25\Exercicio25.csproj", "{4CC5E45B-5F2E-4295-A9C1-CC8A182E94A2}"
EndProject
Project("{FAE04EC0-301F-11D3-BF4B-00C04F79EFBC}") = "Exercicio26", "SintaxeBasica\Exercicio26\Exercicio26.csproj", "{3EBD7EA5-172C-49F5-95EC-A65BD219F914}"
EndProject
Project("{FAE04EC0-301F-11D3-BF4B-00C04F79EFBC}") = "Exercicio21", "SintaxeBasica\Exercicio21\Exercicio21.csproj", "{03372056-FBF3-4EAA-AEAC-7AE3DC311EAF}"
EndProject
Project("{FAE04EC0-301F-11D3-BF4B-00C04F79EFBC}") = "Exercicio27", "SintaxeBasica\Exercicio27\Exercicio27.csproj", "{FD6319FC-36D8-423F-9D5B-575B362C0B47}"
EndProject
Project("{FAE04EC0-301F-11D3-BF4B-00C04F79EFBC}") = "Exercicio28", "SintaxeBasica\Exercicio28\Exercicio28.csproj", "{80628626-DB5E-47F1-9D69-4D90F9553259}"
EndProject
Project("{FAE04EC0-301F-11D3-BF4B-00C04F79EFBC}") = "Exercicio29", "SintaxeBasica\Exercicio29\Exercicio29.csproj", "{441CA72D-5B67-4706-A8C8-B4DE696EEE0D}"
EndProject
Project("{FAE04EC0-301F-11D3-BF4B-00C04F79EFBC}") = "Exercicio30", "SintaxeBasica\Exercicio30\Exercicio30.csproj", "{6C0766C6-0E8D-4412-A705-D1450BAC669D}"
EndProject
Project("{FAE04EC0-301F-11D3-BF4B-00C04F79EFBC}") = "ExercicioPOO3", "POO\ExercicioPOO3\ExercicioPOO3.csproj", "{E5145668-6FC2-487A-90F2-5DA4F4F51BDB}"
EndProject
Project("{FAE04EC0-301F-11D3-BF4B-00C04F79EFBC}") = "ExercicioPOO4", "POO\ExercicioPOO4\ExercicioPOO4.csproj", "{AC8474E8-4D1D-4682-813E-6A27A45F011F}"
EndProject
Project("{FAE04EC0-301F-11D3-BF4B-00C04F79EFBC}") = "ExercicioPOO5", "POO\ExercicioPOO5\ExercicioPOO5.csproj", "{647CAF48-E11D-4690-96D1-602659E3FE4B}"
EndProject
Project("{FAE04EC0-301F-11D3-BF4B-00C04F79EFBC}") = "ExercicioPOO6", "POO\ExercicioPOO6\ExercicioPOO6.csproj", "{ABBF4EAA-A49B-430A-9962-7C89F6B7F602}"
EndProject
Project("{FAE04EC0-301F-11D3-BF4B-00C04F79EFBC}") = "ExercicioPOO7", "POO\ExercicioPOO7\ExercicioPOO7.csproj", "{8DCCFE34-7B20-4037-BF54-739ADFACFC8A}"
EndProject
Project("{FAE04EC0-301F-11D3-BF4B-00C04F79EFBC}") = "ExercicioPOO8", "POO\ExercicioPOO8\ExercicioPOO8.csproj", "{FB5F1147-7BC2-4314-B6DC-5B4F2A2B2B32}"
EndProject
Project("{FAE04EC0-301F-11D3-BF4B-00C04F79EFBC}") = "ExercicioPOO9", "POO\ExercicioPOO9\ExercicioPOO9.csproj", "{18A5365D-4362-4D89-8386-E74C7909E9B7}"
EndProject
Project("{FAE04EC0-301F-11D3-BF4B-00C04F79EFBC}") = "ExercicioPOO10", "POO\ExercicioPOO10\ExercicioPOO10.csproj", "{DD3225D9-FC51-4D09-9F1C-F6029C1D69E0}"
EndProject
Project("{FAE04EC0-301F-11D3-BF4B-00C04F79EFBC}") = "ExercicioPOO11", "POO\ExercicioPOO11\ExercicioPOO11.csproj", "{DB277238-454D-46E2-A2EE-9923D6887A5E}"
EndProject
Project("{FAE04EC0-301F-11D3-BF4B-00C04F79EFBC}") = "ExercicioPOO12", "POO\ExercicioPOO12\ExercicioPOO12.csproj", "{2C7CDFA1-87EA-4A3D-AF43-C797973807C6}"
EndProject
Project("{FAE04EC0-301F-11D3-BF4B-00C04F79EFBC}") = "ExercicioPOO13", "POO\ExercicioPOO13\ExercicioPOO13.csproj", "{BC9B0C23-4D08-4147-93CA-1B5B6EF4E747}"
EndProject
Project("{FAE04EC0-301F-11D3-BF4B-00C04F79EFBC}") = "ExercicioPOO14", "POO\ExercicioPOO14\ExercicioPOO14.csproj", "{DB585525-994F-4206-A609-42671014AA59}"
EndProject
Project("{FAE04EC0-301F-11D3-BF4B-00C04F79EFBC}") = "ExercicioPOO15", "POO\ExercicioPOO15\ExercicioPOO15.csproj", "{5D37F17B-DEB9-4DE4-8667-D51F4B24B3A2}"
EndProject
Project("{FAE04EC0-301F-11D3-BF4B-00C04F79EFBC}") = "ExercicioPOO16", "POO\ExercicioPOO16\ExercicioPOO16.csproj", "{9AB68BF8-0A9B-43BF-9FA1-6EFBCE3C3FE4}"
EndProject
Project("{FAE04EC0-301F-11D3-BF4B-00C04F79EFBC}") = "ExercicioPOO17", "POO\ExercicioPOO17\ExercicioPOO17.csproj", "{076F6715-4E20-4DFC-9331-AF12610F79D8}"
EndProject
Project("{FAE04EC0-301F-11D3-BF4B-00C04F79EFBC}") = "ExercicioPOO18", "POO\ExercicioPOO18\ExercicioPOO18.csproj", "{93592052-48B1-4E1A-BBED-DB7A457CA1E7}"
EndProject
Project("{FAE04EC0-301F-11D3-BF4B-00C04F79EFBC}") = "ExercicioPOO19", "POO\ExercicioPOO19\ExercicioPOO19.csproj", "{34FA0662-FA8F-48DE-B4CD-5CBFF81EFDB5}"
EndProject
Project("{FAE04EC0-301F-11D3-BF4B-00C04F79EFBC}") = "ExercicioPOO20", "POO\ExercicioPOO20\ExercicioPOO20.csproj", "{D41292A7-1699-4059-9461-2A230456E09F}"
EndProject
Global
	GlobalSection(SolutionConfigurationPlatforms) = preSolution
		Debug|Any CPU = Debug|Any CPU
		Debug|x64 = Debug|x64
		Debug|x86 = Debug|x86
		Release|Any CPU = Release|Any CPU
		Release|x64 = Release|x64
		Release|x86 = Release|x86
	EndGlobalSection
	GlobalSection(ProjectConfigurationPlatforms) = postSolution
		{8B537005-3B82-4C84-9F7C-F8035986B34B}.Debug|Any CPU.ActiveCfg = Debug|Any CPU
		{8B537005-3B82-4C84-9F7C-F8035986B34B}.Debug|Any CPU.Build.0 = Debug|Any CPU
		{8B537005-3B82-4C84-9F7C-F8035986B34B}.Debug|x64.ActiveCfg = Debug|Any CPU
		{8B537005-3B82-4C84-9F7C-F8035986B34B}.Debug|x64.Build.0 = Debug|Any CPU
		{8B537005-3B82-4C84-9F7C-F8035986B34B}.Debug|x86.ActiveCfg = Debug|Any CPU
		{8B537005-3B82-4C84-9F7C-F8035986B34B}.Debug|x86.Build.0 = Debug|Any CPU
		{8B537005-3B82-4C84-9F7C-F8035986B34B}.Release|Any CPU.ActiveCfg = Release|Any CPU
		{8B537005-3B82-4C84-9F7C-F8035986B34B}.Release|Any CPU.Build.0 = Release|Any CPU
		{8B537005-3B82-4C84-9F7C-F8035986B34B}.Release|x64.ActiveCfg = Release|Any CPU
		{8B537005-3B82-4C84-9F7C-F8035986B34B}.Release|x64.Build.0 = Release|Any CPU
		{8B537005-3B82-4C84-9F7C-F8035986B34B}.Release|x86.ActiveCfg = Release|Any CPU
		{8B537005-3B82-4C84-9F7C-F8035986B34B}.Release|x86.Build.0 = Release|Any CPU
		{99390CEA-3ADC-4BDA-96CA-7CDC1640AFB0}.Debug|Any CPU.ActiveCfg = Debug|Any CPU
		{99390CEA-3ADC-4BDA-96CA-7CDC1640AFB0}.Debug|Any CPU.Build.0 = Debug|Any CPU
		{99390CEA-3ADC-4BDA-96CA-7CDC1640AFB0}.Debug|x64.ActiveCfg = Debug|Any CPU
		{99390CEA-3ADC-4BDA-96CA-7CDC1640AFB0}.Debug|x64.Build.0 = Debug|Any CPU
		{99390CEA-3ADC-4BDA-96CA-7CDC1640AFB0}.Debug|x86.ActiveCfg = Debug|Any CPU
		{99390CEA-3ADC-4BDA-96CA-7CDC1640AFB0}.Debug|x86.Build.0 = Debug|Any CPU
		{99390CEA-3ADC-4BDA-96CA-7CDC1640AFB0}.Release|Any CPU.ActiveCfg = Release|Any CPU
		{99390CEA-3ADC-4BDA-96CA-7CDC1640AFB0}.Release|Any CPU.Build.0 = Release|Any CPU
		{99390CEA-3ADC-4BDA-96CA-7CDC1640AFB0}.Release|x64.ActiveCfg = Release|Any CPU
		{99390CEA-3ADC-4BDA-96CA-7CDC1640AFB0}.Release|x64.Build.0 = Release|Any CPU
		{99390CEA-3ADC-4BDA-96CA-7CDC1640AFB0}.Release|x86.ActiveCfg = Release|Any CPU
		{99390CEA-3ADC-4BDA-96CA-7CDC1640AFB0}.Release|x86.Build.0 = Release|Any CPU
		{9E815CD9-2ECE-4D8B-A8CD-658D98F906CD}.Debug|Any CPU.ActiveCfg = Debug|Any CPU
		{9E815CD9-2ECE-4D8B-A8CD-658D98F906CD}.Debug|Any CPU.Build.0 = Debug|Any CPU
		{9E815CD9-2ECE-4D8B-A8CD-658D98F906CD}.Debug|x64.ActiveCfg = Debug|Any CPU
		{9E815CD9-2ECE-4D8B-A8CD-658D98F906CD}.Debug|x64.Build.0 = Debug|Any CPU
		{9E815CD9-2ECE-4D8B-A8CD-658D98F906CD}.Debug|x86.ActiveCfg = Debug|Any CPU
		{9E815CD9-2ECE-4D8B-A8CD-658D98F906CD}.Debug|x86.Build.0 = Debug|Any CPU
		{9E815CD9-2ECE-4D8B-A8CD-658D98F906CD}.Release|Any CPU.ActiveCfg = Release|Any CPU
		{9E815CD9-2ECE-4D8B-A8CD-658D98F906CD}.Release|Any CPU.Build.0 = Release|Any CPU
		{9E815CD9-2ECE-4D8B-A8CD-658D98F906CD}.Release|x64.ActiveCfg = Release|Any CPU
		{9E815CD9-2ECE-4D8B-A8CD-658D98F906CD}.Release|x64.Build.0 = Release|Any CPU
		{9E815CD9-2ECE-4D8B-A8CD-658D98F906CD}.Release|x86.ActiveCfg = Release|Any CPU
		{9E815CD9-2ECE-4D8B-A8CD-658D98F906CD}.Release|x86.Build.0 = Release|Any CPU
		{1E41C719-ED82-4948-8221-833D24539A2B}.Debug|Any CPU.ActiveCfg = Debug|Any CPU
		{1E41C719-ED82-4948-8221-833D24539A2B}.Debug|Any CPU.Build.0 = Debug|Any CPU
		{1E41C719-ED82-4948-8221-833D24539A2B}.Debug|x64.ActiveCfg = Debug|Any CPU
		{1E41C719-ED82-4948-8221-833D24539A2B}.Debug|x64.Build.0 = Debug|Any CPU
		{1E41C719-ED82-4948-8221-833D24539A2B}.Debug|x86.ActiveCfg = Debug|Any CPU
		{1E41C719-ED82-4948-8221-833D24539A2B}.Debug|x86.Build.0 = Debug|Any CPU
		{1E41C719-ED82-4948-8221-833D24539A2B}.Release|Any CPU.ActiveCfg = Release|Any CPU
		{1E41C719-ED82-4948-8221-833D24539A2B}.Release|Any CPU.Build.0 = Release|Any CPU
		{1E41C719-ED82-4948-8221-833D24539A2B}.Release|x64.ActiveCfg = Release|Any CPU
		{1E41C719-ED82-4948-8221-833D24539A2B}.Release|x64.Build.0 = Release|Any CPU
		{1E41C719-ED82-4948-8221-833D24539A2B}.Release|x86.ActiveCfg = Release|Any CPU
		{1E41C719-ED82-4948-8221-833D24539A2B}.Release|x86.Build.0 = Release|Any CPU
		{1CBCB974-F749-432A-A03E-B5D8CAAEB767}.Debug|Any CPU.ActiveCfg = Debug|Any CPU
		{1CBCB974-F749-432A-A03E-B5D8CAAEB767}.Debug|Any CPU.Build.0 = Debug|Any CPU
		{1CBCB974-F749-432A-A03E-B5D8CAAEB767}.Debug|x64.ActiveCfg = Debug|Any CPU
		{1CBCB974-F749-432A-A03E-B5D8CAAEB767}.Debug|x64.Build.0 = Debug|Any CPU
		{1CBCB974-F749-432A-A03E-B5D8CAAEB767}.Debug|x86.ActiveCfg = Debug|Any CPU
		{1CBCB974-F749-432A-A03E-B5D8CAAEB767}.Debug|x86.Build.0 = Debug|Any CPU
		{1CBCB974-F749-432A-A03E-B5D8CAAEB767}.Release|Any CPU.ActiveCfg = Release|Any CPU
		{1CBCB974-F749-432A-A03E-B5D8CAAEB767}.Release|Any CPU.Build.0 = Release|Any CPU
		{1CBCB974-F749-432A-A03E-B5D8CAAEB767}.Release|x64.ActiveCfg = Release|Any CPU
		{1CBCB974-F749-432A-A03E-B5D8CAAEB767}.Release|x64.Build.0 = Release|Any CPU
		{1CBCB974-F749-432A-A03E-B5D8CAAEB767}.Release|x86.ActiveCfg = Release|Any CPU
		{1CBCB974-F749-432A-A03E-B5D8CAAEB767}.Release|x86.Build.0 = Release|Any CPU
		{53E0F920-BE10-4544-86A7-5DB6770E890E}.Debug|Any CPU.ActiveCfg = Debug|Any CPU
		{53E0F920-BE10-4544-86A7-5DB6770E890E}.Debug|Any CPU.Build.0 = Debug|Any CPU
		{53E0F920-BE10-4544-86A7-5DB6770E890E}.Debug|x64.ActiveCfg = Debug|Any CPU
		{53E0F920-BE10-4544-86A7-5DB6770E890E}.Debug|x64.Build.0 = Debug|Any CPU
		{53E0F920-BE10-4544-86A7-5DB6770E890E}.Debug|x86.ActiveCfg = Debug|Any CPU
		{53E0F920-BE10-4544-86A7-5DB6770E890E}.Debug|x86.Build.0 = Debug|Any CPU
		{53E0F920-BE10-4544-86A7-5DB6770E890E}.Release|Any CPU.ActiveCfg = Release|Any CPU
		{53E0F920-BE10-4544-86A7-5DB6770E890E}.Release|Any CPU.Build.0 = Release|Any CPU
		{53E0F920-BE10-4544-86A7-5DB6770E890E}.Release|x64.ActiveCfg = Release|Any CPU
		{53E0F920-BE10-4544-86A7-5DB6770E890E}.Release|x64.Build.0 = Release|Any CPU
		{53E0F920-BE10-4544-86A7-5DB6770E890E}.Release|x86.ActiveCfg = Release|Any CPU
		{53E0F920-BE10-4544-86A7-5DB6770E890E}.Release|x86.Build.0 = Release|Any CPU
		{DBAF90C5-01FE-4DD9-8BEE-9D8163C7BF69}.Debug|Any CPU.ActiveCfg = Debug|Any CPU
		{DBAF90C5-01FE-4DD9-8BEE-9D8163C7BF69}.Debug|Any CPU.Build.0 = Debug|Any CPU
		{DBAF90C5-01FE-4DD9-8BEE-9D8163C7BF69}.Debug|x64.ActiveCfg = Debug|Any CPU
		{DBAF90C5-01FE-4DD9-8BEE-9D8163C7BF69}.Debug|x64.Build.0 = Debug|Any CPU
		{DBAF90C5-01FE-4DD9-8BEE-9D8163C7BF69}.Debug|x86.ActiveCfg = Debug|Any CPU
		{DBAF90C5-01FE-4DD9-8BEE-9D8163C7BF69}.Debug|x86.Build.0 = Debug|Any CPU
		{DBAF90C5-01FE-4DD9-8BEE-9D8163C7BF69}.Release|Any CPU.ActiveCfg = Release|Any CPU
		{DBAF90C5-01FE-4DD9-8BEE-9D8163C7BF69}.Release|Any CPU.Build.0 = Release|Any CPU
		{DBAF90C5-01FE-4DD9-8BEE-9D8163C7BF69}.Release|x64.ActiveCfg = Release|Any CPU
		{DBAF90C5-01FE-4DD9-8BEE-9D8163C7BF69}.Release|x64.Build.0 = Release|Any CPU
		{DBAF90C5-01FE-4DD9-8BEE-9D8163C7BF69}.Release|x86.ActiveCfg = Release|Any CPU
		{DBAF90C5-01FE-4DD9-8BEE-9D8163C7BF69}.Release|x86.Build.0 = Release|Any CPU
		{6924CC44-7184-4A29-B422-5F494F8C5E46}.Debug|Any CPU.ActiveCfg = Debug|Any CPU
		{6924CC44-7184-4A29-B422-5F494F8C5E46}.Debug|Any CPU.Build.0 = Debug|Any CPU
		{6924CC44-7184-4A29-B422-5F494F8C5E46}.Debug|x64.ActiveCfg = Debug|Any CPU
		{6924CC44-7184-4A29-B422-5F494F8C5E46}.Debug|x64.Build.0 = Debug|Any CPU
		{6924CC44-7184-4A29-B422-5F494F8C5E46}.Debug|x86.ActiveCfg = Debug|Any CPU
		{6924CC44-7184-4A29-B422-5F494F8C5E46}.Debug|x86.Build.0 = Debug|Any CPU
		{6924CC44-7184-4A29-B422-5F494F8C5E46}.Release|Any CPU.ActiveCfg = Release|Any CPU
		{6924CC44-7184-4A29-B422-5F494F8C5E46}.Release|Any CPU.Build.0 = Release|Any CPU
		{6924CC44-7184-4A29-B422-5F494F8C5E46}.Release|x64.ActiveCfg = Release|Any CPU
		{6924CC44-7184-4A29-B422-5F494F8C5E46}.Release|x64.Build.0 = Release|Any CPU
		{6924CC44-7184-4A29-B422-5F494F8C5E46}.Release|x86.ActiveCfg = Release|Any CPU
		{6924CC44-7184-4A29-B422-5F494F8C5E46}.Release|x86.Build.0 = Release|Any CPU
		{90FCAA2C-E6B8-4E25-8123-1C53BF84D9E0}.Debug|Any CPU.ActiveCfg = Debug|Any CPU
		{90FCAA2C-E6B8-4E25-8123-1C53BF84D9E0}.Debug|Any CPU.Build.0 = Debug|Any CPU
		{90FCAA2C-E6B8-4E25-8123-1C53BF84D9E0}.Debug|x64.ActiveCfg = Debug|Any CPU
		{90FCAA2C-E6B8-4E25-8123-1C53BF84D9E0}.Debug|x64.Build.0 = Debug|Any CPU
		{90FCAA2C-E6B8-4E25-8123-1C53BF84D9E0}.Debug|x86.ActiveCfg = Debug|Any CPU
		{90FCAA2C-E6B8-4E25-8123-1C53BF84D9E0}.Debug|x86.Build.0 = Debug|Any CPU
		{90FCAA2C-E6B8-4E25-8123-1C53BF84D9E0}.Release|Any CPU.ActiveCfg = Release|Any CPU
		{90FCAA2C-E6B8-4E25-8123-1C53BF84D9E0}.Release|Any CPU.Build.0 = Release|Any CPU
		{90FCAA2C-E6B8-4E25-8123-1C53BF84D9E0}.Release|x64.ActiveCfg = Release|Any CPU
		{90FCAA2C-E6B8-4E25-8123-1C53BF84D9E0}.Release|x64.Build.0 = Release|Any CPU
		{90FCAA2C-E6B8-4E25-8123-1C53BF84D9E0}.Release|x86.ActiveCfg = Release|Any CPU
		{90FCAA2C-E6B8-4E25-8123-1C53BF84D9E0}.Release|x86.Build.0 = Release|Any CPU
		{1289C962-8BD1-4E3A-895D-12FB08185B03}.Debug|Any CPU.ActiveCfg = Debug|Any CPU
		{1289C962-8BD1-4E3A-895D-12FB08185B03}.Debug|Any CPU.Build.0 = Debug|Any CPU
		{1289C962-8BD1-4E3A-895D-12FB08185B03}.Debug|x64.ActiveCfg = Debug|Any CPU
		{1289C962-8BD1-4E3A-895D-12FB08185B03}.Debug|x64.Build.0 = Debug|Any CPU
		{1289C962-8BD1-4E3A-895D-12FB08185B03}.Debug|x86.ActiveCfg = Debug|Any CPU
		{1289C962-8BD1-4E3A-895D-12FB08185B03}.Debug|x86.Build.0 = Debug|Any CPU
		{1289C962-8BD1-4E3A-895D-12FB08185B03}.Release|Any CPU.ActiveCfg = Release|Any CPU
		{1289C962-8BD1-4E3A-895D-12FB08185B03}.Release|Any CPU.Build.0 = Release|Any CPU
		{1289C962-8BD1-4E3A-895D-12FB08185B03}.Release|x64.ActiveCfg = Release|Any CPU
		{1289C962-8BD1-4E3A-895D-12FB08185B03}.Release|x64.Build.0 = Release|Any CPU
		{1289C962-8BD1-4E3A-895D-12FB08185B03}.Release|x86.ActiveCfg = Release|Any CPU
		{1289C962-8BD1-4E3A-895D-12FB08185B03}.Release|x86.Build.0 = Release|Any CPU
		{B1B37FB3-18D7-40AA-B0ED-75B056E038FC}.Debug|Any CPU.ActiveCfg = Debug|Any CPU
		{B1B37FB3-18D7-40AA-B0ED-75B056E038FC}.Debug|Any CPU.Build.0 = Debug|Any CPU
		{B1B37FB3-18D7-40AA-B0ED-75B056E038FC}.Debug|x64.ActiveCfg = Debug|Any CPU
		{B1B37FB3-18D7-40AA-B0ED-75B056E038FC}.Debug|x64.Build.0 = Debug|Any CPU
		{B1B37FB3-18D7-40AA-B0ED-75B056E038FC}.Debug|x86.ActiveCfg = Debug|Any CPU
		{B1B37FB3-18D7-40AA-B0ED-75B056E038FC}.Debug|x86.Build.0 = Debug|Any CPU
		{B1B37FB3-18D7-40AA-B0ED-75B056E038FC}.Release|Any CPU.ActiveCfg = Release|Any CPU
		{B1B37FB3-18D7-40AA-B0ED-75B056E038FC}.Release|Any CPU.Build.0 = Release|Any CPU
		{B1B37FB3-18D7-40AA-B0ED-75B056E038FC}.Release|x64.ActiveCfg = Release|Any CPU
		{B1B37FB3-18D7-40AA-B0ED-75B056E038FC}.Release|x64.Build.0 = Release|Any CPU
		{B1B37FB3-18D7-40AA-B0ED-75B056E038FC}.Release|x86.ActiveCfg = Release|Any CPU
		{B1B37FB3-18D7-40AA-B0ED-75B056E038FC}.Release|x86.Build.0 = Release|Any CPU
		{B57A46C2-4BE0-463B-9F77-A6673128AD1E}.Debug|Any CPU.ActiveCfg = Debug|Any CPU
		{B57A46C2-4BE0-463B-9F77-A6673128AD1E}.Debug|Any CPU.Build.0 = Debug|Any CPU
		{B57A46C2-4BE0-463B-9F77-A6673128AD1E}.Debug|x64.ActiveCfg = Debug|Any CPU
		{B57A46C2-4BE0-463B-9F77-A6673128AD1E}.Debug|x64.Build.0 = Debug|Any CPU
		{B57A46C2-4BE0-463B-9F77-A6673128AD1E}.Debug|x86.ActiveCfg = Debug|Any CPU
		{B57A46C2-4BE0-463B-9F77-A6673128AD1E}.Debug|x86.Build.0 = Debug|Any CPU
		{B57A46C2-4BE0-463B-9F77-A6673128AD1E}.Release|Any CPU.ActiveCfg = Release|Any CPU
		{B57A46C2-4BE0-463B-9F77-A6673128AD1E}.Release|Any CPU.Build.0 = Release|Any CPU
		{B57A46C2-4BE0-463B-9F77-A6673128AD1E}.Release|x64.ActiveCfg = Release|Any CPU
		{B57A46C2-4BE0-463B-9F77-A6673128AD1E}.Release|x64.Build.0 = Release|Any CPU
		{B57A46C2-4BE0-463B-9F77-A6673128AD1E}.Release|x86.ActiveCfg = Release|Any CPU
		{B57A46C2-4BE0-463B-9F77-A6673128AD1E}.Release|x86.Build.0 = Release|Any CPU
		{78340864-F977-4731-873F-A5B7FE03A0AE}.Debug|Any CPU.ActiveCfg = Debug|Any CPU
		{78340864-F977-4731-873F-A5B7FE03A0AE}.Debug|Any CPU.Build.0 = Debug|Any CPU
		{78340864-F977-4731-873F-A5B7FE03A0AE}.Debug|x64.ActiveCfg = Debug|Any CPU
		{78340864-F977-4731-873F-A5B7FE03A0AE}.Debug|x64.Build.0 = Debug|Any CPU
		{78340864-F977-4731-873F-A5B7FE03A0AE}.Debug|x86.ActiveCfg = Debug|Any CPU
		{78340864-F977-4731-873F-A5B7FE03A0AE}.Debug|x86.Build.0 = Debug|Any CPU
		{78340864-F977-4731-873F-A5B7FE03A0AE}.Release|Any CPU.ActiveCfg = Release|Any CPU
		{78340864-F977-4731-873F-A5B7FE03A0AE}.Release|Any CPU.Build.0 = Release|Any CPU
		{78340864-F977-4731-873F-A5B7FE03A0AE}.Release|x64.ActiveCfg = Release|Any CPU
		{78340864-F977-4731-873F-A5B7FE03A0AE}.Release|x64.Build.0 = Release|Any CPU
		{78340864-F977-4731-873F-A5B7FE03A0AE}.Release|x86.ActiveCfg = Release|Any CPU
		{78340864-F977-4731-873F-A5B7FE03A0AE}.Release|x86.Build.0 = Release|Any CPU
		{92E4BC86-AA63-43F9-9860-3D68F6D9D479}.Debug|Any CPU.ActiveCfg = Debug|Any CPU
		{92E4BC86-AA63-43F9-9860-3D68F6D9D479}.Debug|Any CPU.Build.0 = Debug|Any CPU
		{92E4BC86-AA63-43F9-9860-3D68F6D9D479}.Debug|x64.ActiveCfg = Debug|Any CPU
		{92E4BC86-AA63-43F9-9860-3D68F6D9D479}.Debug|x64.Build.0 = Debug|Any CPU
		{92E4BC86-AA63-43F9-9860-3D68F6D9D479}.Debug|x86.ActiveCfg = Debug|Any CPU
		{92E4BC86-AA63-43F9-9860-3D68F6D9D479}.Debug|x86.Build.0 = Debug|Any CPU
		{92E4BC86-AA63-43F9-9860-3D68F6D9D479}.Release|Any CPU.ActiveCfg = Release|Any CPU
		{92E4BC86-AA63-43F9-9860-3D68F6D9D479}.Release|Any CPU.Build.0 = Release|Any CPU
		{92E4BC86-AA63-43F9-9860-3D68F6D9D479}.Release|x64.ActiveCfg = Release|Any CPU
		{92E4BC86-AA63-43F9-9860-3D68F6D9D479}.Release|x64.Build.0 = Release|Any CPU
		{92E4BC86-AA63-43F9-9860-3D68F6D9D479}.Release|x86.ActiveCfg = Release|Any CPU
		{92E4BC86-AA63-43F9-9860-3D68F6D9D479}.Release|x86.Build.0 = Release|Any CPU
		{BBB5D7B4-94A8-45F4-B249-B48E91A366F7}.Debug|Any CPU.ActiveCfg = Debug|Any CPU
		{BBB5D7B4-94A8-45F4-B249-B48E91A366F7}.Debug|Any CPU.Build.0 = Debug|Any CPU
		{BBB5D7B4-94A8-45F4-B249-B48E91A366F7}.Debug|x64.ActiveCfg = Debug|Any CPU
		{BBB5D7B4-94A8-45F4-B249-B48E91A366F7}.Debug|x64.Build.0 = Debug|Any CPU
		{BBB5D7B4-94A8-45F4-B249-B48E91A366F7}.Debug|x86.ActiveCfg = Debug|Any CPU
		{BBB5D7B4-94A8-45F4-B249-B48E91A366F7}.Debug|x86.Build.0 = Debug|Any CPU
		{BBB5D7B4-94A8-45F4-B249-B48E91A366F7}.Release|Any CPU.ActiveCfg = Release|Any CPU
		{BBB5D7B4-94A8-45F4-B249-B48E91A366F7}.Release|Any CPU.Build.0 = Release|Any CPU
		{BBB5D7B4-94A8-45F4-B249-B48E91A366F7}.Release|x64.ActiveCfg = Release|Any CPU
		{BBB5D7B4-94A8-45F4-B249-B48E91A366F7}.Release|x64.Build.0 = Release|Any CPU
		{BBB5D7B4-94A8-45F4-B249-B48E91A366F7}.Release|x86.ActiveCfg = Release|Any CPU
		{BBB5D7B4-94A8-45F4-B249-B48E91A366F7}.Release|x86.Build.0 = Release|Any CPU
		{E01B6434-66C7-4A2E-959A-A3F3E507171C}.Debug|Any CPU.ActiveCfg = Debug|Any CPU
		{E01B6434-66C7-4A2E-959A-A3F3E507171C}.Debug|Any CPU.Build.0 = Debug|Any CPU
		{E01B6434-66C7-4A2E-959A-A3F3E507171C}.Debug|x64.ActiveCfg = Debug|Any CPU
		{E01B6434-66C7-4A2E-959A-A3F3E507171C}.Debug|x64.Build.0 = Debug|Any CPU
		{E01B6434-66C7-4A2E-959A-A3F3E507171C}.Debug|x86.ActiveCfg = Debug|Any CPU
		{E01B6434-66C7-4A2E-959A-A3F3E507171C}.Debug|x86.Build.0 = Debug|Any CPU
		{E01B6434-66C7-4A2E-959A-A3F3E507171C}.Release|Any CPU.ActiveCfg = Release|Any CPU
		{E01B6434-66C7-4A2E-959A-A3F3E507171C}.Release|Any CPU.Build.0 = Release|Any CPU
		{E01B6434-66C7-4A2E-959A-A3F3E507171C}.Release|x64.ActiveCfg = Release|Any CPU
		{E01B6434-66C7-4A2E-959A-A3F3E507171C}.Release|x64.Build.0 = Release|Any CPU
		{E01B6434-66C7-4A2E-959A-A3F3E507171C}.Release|x86.ActiveCfg = Release|Any CPU
		{E01B6434-66C7-4A2E-959A-A3F3E507171C}.Release|x86.Build.0 = Release|Any CPU
		{07F46504-62A8-43A2-B216-2AF53495B1D3}.Debug|Any CPU.ActiveCfg = Debug|Any CPU
		{07F46504-62A8-43A2-B216-2AF53495B1D3}.Debug|Any CPU.Build.0 = Debug|Any CPU
		{07F46504-62A8-43A2-B216-2AF53495B1D3}.Debug|x64.ActiveCfg = Debug|Any CPU
		{07F46504-62A8-43A2-B216-2AF53495B1D3}.Debug|x64.Build.0 = Debug|Any CPU
		{07F46504-62A8-43A2-B216-2AF53495B1D3}.Debug|x86.ActiveCfg = Debug|Any CPU
		{07F46504-62A8-43A2-B216-2AF53495B1D3}.Debug|x86.Build.0 = Debug|Any CPU
		{07F46504-62A8-43A2-B216-2AF53495B1D3}.Release|Any CPU.ActiveCfg = Release|Any CPU
		{07F46504-62A8-43A2-B216-2AF53495B1D3}.Release|Any CPU.Build.0 = Release|Any CPU
		{07F46504-62A8-43A2-B216-2AF53495B1D3}.Release|x64.ActiveCfg = Release|Any CPU
		{07F46504-62A8-43A2-B216-2AF53495B1D3}.Release|x64.Build.0 = Release|Any CPU
		{07F46504-62A8-43A2-B216-2AF53495B1D3}.Release|x86.ActiveCfg = Release|Any CPU
		{07F46504-62A8-43A2-B216-2AF53495B1D3}.Release|x86.Build.0 = Release|Any CPU
		{11842A57-4D9D-42FC-B7C8-886C37E0A786}.Debug|Any CPU.ActiveCfg = Debug|Any CPU
		{11842A57-4D9D-42FC-B7C8-886C37E0A786}.Debug|Any CPU.Build.0 = Debug|Any CPU
		{11842A57-4D9D-42FC-B7C8-886C37E0A786}.Debug|x64.ActiveCfg = Debug|Any CPU
		{11842A57-4D9D-42FC-B7C8-886C37E0A786}.Debug|x64.Build.0 = Debug|Any CPU
		{11842A57-4D9D-42FC-B7C8-886C37E0A786}.Debug|x86.ActiveCfg = Debug|Any CPU
		{11842A57-4D9D-42FC-B7C8-886C37E0A786}.Debug|x86.Build.0 = Debug|Any CPU
		{11842A57-4D9D-42FC-B7C8-886C37E0A786}.Release|Any CPU.ActiveCfg = Release|Any CPU
		{11842A57-4D9D-42FC-B7C8-886C37E0A786}.Release|Any CPU.Build.0 = Release|Any CPU
		{11842A57-4D9D-42FC-B7C8-886C37E0A786}.Release|x64.ActiveCfg = Release|Any CPU
		{11842A57-4D9D-42FC-B7C8-886C37E0A786}.Release|x64.Build.0 = Release|Any CPU
		{11842A57-4D9D-42FC-B7C8-886C37E0A786}.Release|x86.ActiveCfg = Release|Any CPU
		{11842A57-4D9D-42FC-B7C8-886C37E0A786}.Release|x86.Build.0 = Release|Any CPU
		{4E4E4BF3-1033-4CE0-9188-6F24D12B3F0D}.Debug|Any CPU.ActiveCfg = Debug|Any CPU
		{4E4E4BF3-1033-4CE0-9188-6F24D12B3F0D}.Debug|Any CPU.Build.0 = Debug|Any CPU
		{4E4E4BF3-1033-4CE0-9188-6F24D12B3F0D}.Debug|x64.ActiveCfg = Debug|Any CPU
		{4E4E4BF3-1033-4CE0-9188-6F24D12B3F0D}.Debug|x64.Build.0 = Debug|Any CPU
		{4E4E4BF3-1033-4CE0-9188-6F24D12B3F0D}.Debug|x86.ActiveCfg = Debug|Any CPU
		{4E4E4BF3-1033-4CE0-9188-6F24D12B3F0D}.Debug|x86.Build.0 = Debug|Any CPU
		{4E4E4BF3-1033-4CE0-9188-6F24D12B3F0D}.Release|Any CPU.ActiveCfg = Release|Any CPU
		{4E4E4BF3-1033-4CE0-9188-6F24D12B3F0D}.Release|Any CPU.Build.0 = Release|Any CPU
		{4E4E4BF3-1033-4CE0-9188-6F24D12B3F0D}.Release|x64.ActiveCfg = Release|Any CPU
		{4E4E4BF3-1033-4CE0-9188-6F24D12B3F0D}.Release|x64.Build.0 = Release|Any CPU
		{4E4E4BF3-1033-4CE0-9188-6F24D12B3F0D}.Release|x86.ActiveCfg = Release|Any CPU
		{4E4E4BF3-1033-4CE0-9188-6F24D12B3F0D}.Release|x86.Build.0 = Release|Any CPU
		{66B69FC1-B75E-496F-9F26-CF4F79FDF0B0}.Debug|Any CPU.ActiveCfg = Debug|Any CPU
		{66B69FC1-B75E-496F-9F26-CF4F79FDF0B0}.Debug|Any CPU.Build.0 = Debug|Any CPU
		{66B69FC1-B75E-496F-9F26-CF4F79FDF0B0}.Debug|x64.ActiveCfg = Debug|Any CPU
		{66B69FC1-B75E-496F-9F26-CF4F79FDF0B0}.Debug|x64.Build.0 = Debug|Any CPU
		{66B69FC1-B75E-496F-9F26-CF4F79FDF0B0}.Debug|x86.ActiveCfg = Debug|Any CPU
		{66B69FC1-B75E-496F-9F26-CF4F79FDF0B0}.Debug|x86.Build.0 = Debug|Any CPU
		{66B69FC1-B75E-496F-9F26-CF4F79FDF0B0}.Release|Any CPU.ActiveCfg = Release|Any CPU
		{66B69FC1-B75E-496F-9F26-CF4F79FDF0B0}.Release|Any CPU.Build.0 = Release|Any CPU
		{66B69FC1-B75E-496F-9F26-CF4F79FDF0B0}.Release|x64.ActiveCfg = Release|Any CPU
		{66B69FC1-B75E-496F-9F26-CF4F79FDF0B0}.Release|x64.Build.0 = Release|Any CPU
		{66B69FC1-B75E-496F-9F26-CF4F79FDF0B0}.Release|x86.ActiveCfg = Release|Any CPU
		{66B69FC1-B75E-496F-9F26-CF4F79FDF0B0}.Release|x86.Build.0 = Release|Any CPU
		{A390B911-AE84-4CF9-AD32-209CCFD5191E}.Debug|Any CPU.ActiveCfg = Debug|Any CPU
		{A390B911-AE84-4CF9-AD32-209CCFD5191E}.Debug|Any CPU.Build.0 = Debug|Any CPU
		{A390B911-AE84-4CF9-AD32-209CCFD5191E}.Debug|x64.ActiveCfg = Debug|Any CPU
		{A390B911-AE84-4CF9-AD32-209CCFD5191E}.Debug|x64.Build.0 = Debug|Any CPU
		{A390B911-AE84-4CF9-AD32-209CCFD5191E}.Debug|x86.ActiveCfg = Debug|Any CPU
		{A390B911-AE84-4CF9-AD32-209CCFD5191E}.Debug|x86.Build.0 = Debug|Any CPU
		{A390B911-AE84-4CF9-AD32-209CCFD5191E}.Release|Any CPU.ActiveCfg = Release|Any CPU
		{A390B911-AE84-4CF9-AD32-209CCFD5191E}.Release|Any CPU.Build.0 = Release|Any CPU
		{A390B911-AE84-4CF9-AD32-209CCFD5191E}.Release|x64.ActiveCfg = Release|Any CPU
		{A390B911-AE84-4CF9-AD32-209CCFD5191E}.Release|x64.Build.0 = Release|Any CPU
		{A390B911-AE84-4CF9-AD32-209CCFD5191E}.Release|x86.ActiveCfg = Release|Any CPU
		{A390B911-AE84-4CF9-AD32-209CCFD5191E}.Release|x86.Build.0 = Release|Any CPU
		{D8C41B89-2830-4842-9F38-4B9D604C24EF}.Debug|Any CPU.ActiveCfg = Debug|Any CPU
		{D8C41B89-2830-4842-9F38-4B9D604C24EF}.Debug|Any CPU.Build.0 = Debug|Any CPU
		{D8C41B89-2830-4842-9F38-4B9D604C24EF}.Debug|x64.ActiveCfg = Debug|Any CPU
		{D8C41B89-2830-4842-9F38-4B9D604C24EF}.Debug|x64.Build.0 = Debug|Any CPU
		{D8C41B89-2830-4842-9F38-4B9D604C24EF}.Debug|x86.ActiveCfg = Debug|Any CPU
		{D8C41B89-2830-4842-9F38-4B9D604C24EF}.Debug|x86.Build.0 = Debug|Any CPU
		{D8C41B89-2830-4842-9F38-4B9D604C24EF}.Release|Any CPU.ActiveCfg = Release|Any CPU
		{D8C41B89-2830-4842-9F38-4B9D604C24EF}.Release|Any CPU.Build.0 = Release|Any CPU
		{D8C41B89-2830-4842-9F38-4B9D604C24EF}.Release|x64.ActiveCfg = Release|Any CPU
		{D8C41B89-2830-4842-9F38-4B9D604C24EF}.Release|x64.Build.0 = Release|Any CPU
		{D8C41B89-2830-4842-9F38-4B9D604C24EF}.Release|x86.ActiveCfg = Release|Any CPU
		{D8C41B89-2830-4842-9F38-4B9D604C24EF}.Release|x86.Build.0 = Release|Any CPU
		{79B7505B-3799-4377-86B3-598FF551EEEA}.Debug|Any CPU.ActiveCfg = Debug|Any CPU
		{79B7505B-3799-4377-86B3-598FF551EEEA}.Debug|Any CPU.Build.0 = Debug|Any CPU
		{79B7505B-3799-4377-86B3-598FF551EEEA}.Debug|x64.ActiveCfg = Debug|Any CPU
		{79B7505B-3799-4377-86B3-598FF551EEEA}.Debug|x64.Build.0 = Debug|Any CPU
		{79B7505B-3799-4377-86B3-598FF551EEEA}.Debug|x86.ActiveCfg = Debug|Any CPU
		{79B7505B-3799-4377-86B3-598FF551EEEA}.Debug|x86.Build.0 = Debug|Any CPU
		{79B7505B-3799-4377-86B3-598FF551EEEA}.Release|Any CPU.ActiveCfg = Release|Any CPU
		{79B7505B-3799-4377-86B3-598FF551EEEA}.Release|Any CPU.Build.0 = Release|Any CPU
		{79B7505B-3799-4377-86B3-598FF551EEEA}.Release|x64.ActiveCfg = Release|Any CPU
		{79B7505B-3799-4377-86B3-598FF551EEEA}.Release|x64.Build.0 = Release|Any CPU
		{79B7505B-3799-4377-86B3-598FF551EEEA}.Release|x86.ActiveCfg = Release|Any CPU
		{79B7505B-3799-4377-86B3-598FF551EEEA}.Release|x86.Build.0 = Release|Any CPU
		{13C09B57-620D-4CDE-B112-CD39F1D7F900}.Debug|Any CPU.ActiveCfg = Debug|Any CPU
		{13C09B57-620D-4CDE-B112-CD39F1D7F900}.Debug|Any CPU.Build.0 = Debug|Any CPU
		{13C09B57-620D-4CDE-B112-CD39F1D7F900}.Debug|x64.ActiveCfg = Debug|Any CPU
		{13C09B57-620D-4CDE-B112-CD39F1D7F900}.Debug|x64.Build.0 = Debug|Any CPU
		{13C09B57-620D-4CDE-B112-CD39F1D7F900}.Debug|x86.ActiveCfg = Debug|Any CPU
		{13C09B57-620D-4CDE-B112-CD39F1D7F900}.Debug|x86.Build.0 = Debug|Any CPU
		{13C09B57-620D-4CDE-B112-CD39F1D7F900}.Release|Any CPU.ActiveCfg = Release|Any CPU
		{13C09B57-620D-4CDE-B112-CD39F1D7F900}.Release|Any CPU.Build.0 = Release|Any CPU
		{13C09B57-620D-4CDE-B112-CD39F1D7F900}.Release|x64.ActiveCfg = Release|Any CPU
		{13C09B57-620D-4CDE-B112-CD39F1D7F900}.Release|x64.Build.0 = Release|Any CPU
		{13C09B57-620D-4CDE-B112-CD39F1D7F900}.Release|x86.ActiveCfg = Release|Any CPU
		{13C09B57-620D-4CDE-B112-CD39F1D7F900}.Release|x86.Build.0 = Release|Any CPU
		{AD048E33-4A3C-4FC6-B3F3-E417DA5FE2DB}.Debug|Any CPU.ActiveCfg = Debug|Any CPU
		{AD048E33-4A3C-4FC6-B3F3-E417DA5FE2DB}.Debug|Any CPU.Build.0 = Debug|Any CPU
		{AD048E33-4A3C-4FC6-B3F3-E417DA5FE2DB}.Debug|x64.ActiveCfg = Debug|Any CPU
		{AD048E33-4A3C-4FC6-B3F3-E417DA5FE2DB}.Debug|x64.Build.0 = Debug|Any CPU
		{AD048E33-4A3C-4FC6-B3F3-E417DA5FE2DB}.Debug|x86.ActiveCfg = Debug|Any CPU
		{AD048E33-4A3C-4FC6-B3F3-E417DA5FE2DB}.Debug|x86.Build.0 = Debug|Any CPU
		{AD048E33-4A3C-4FC6-B3F3-E417DA5FE2DB}.Release|Any CPU.ActiveCfg = Release|Any CPU
		{AD048E33-4A3C-4FC6-B3F3-E417DA5FE2DB}.Release|Any CPU.Build.0 = Release|Any CPU
		{AD048E33-4A3C-4FC6-B3F3-E417DA5FE2DB}.Release|x64.ActiveCfg = Release|Any CPU
		{AD048E33-4A3C-4FC6-B3F3-E417DA5FE2DB}.Release|x64.Build.0 = Release|Any CPU
		{AD048E33-4A3C-4FC6-B3F3-E417DA5FE2DB}.Release|x86.ActiveCfg = Release|Any CPU
		{AD048E33-4A3C-4FC6-B3F3-E417DA5FE2DB}.Release|x86.Build.0 = Release|Any CPU
		{4CC5E45B-5F2E-4295-A9C1-CC8A182E94A2}.Debug|Any CPU.ActiveCfg = Debug|Any CPU
		{4CC5E45B-5F2E-4295-A9C1-CC8A182E94A2}.Debug|Any CPU.Build.0 = Debug|Any CPU
		{4CC5E45B-5F2E-4295-A9C1-CC8A182E94A2}.Debug|x64.ActiveCfg = Debug|Any CPU
		{4CC5E45B-5F2E-4295-A9C1-CC8A182E94A2}.Debug|x64.Build.0 = Debug|Any CPU
		{4CC5E45B-5F2E-4295-A9C1-CC8A182E94A2}.Debug|x86.ActiveCfg = Debug|Any CPU
		{4CC5E45B-5F2E-4295-A9C1-CC8A182E94A2}.Debug|x86.Build.0 = Debug|Any CPU
		{4CC5E45B-5F2E-4295-A9C1-CC8A182E94A2}.Release|Any CPU.ActiveCfg = Release|Any CPU
		{4CC5E45B-5F2E-4295-A9C1-CC8A182E94A2}.Release|Any CPU.Build.0 = Release|Any CPU
		{4CC5E45B-5F2E-4295-A9C1-CC8A182E94A2}.Release|x64.ActiveCfg = Release|Any CPU
		{4CC5E45B-5F2E-4295-A9C1-CC8A182E94A2}.Release|x64.Build.0 = Release|Any CPU
		{4CC5E45B-5F2E-4295-A9C1-CC8A182E94A2}.Release|x86.ActiveCfg = Release|Any CPU
		{4CC5E45B-5F2E-4295-A9C1-CC8A182E94A2}.Release|x86.Build.0 = Release|Any CPU
		{3EBD7EA5-172C-49F5-95EC-A65BD219F914}.Debug|Any CPU.ActiveCfg = Debug|Any CPU
		{3EBD7EA5-172C-49F5-95EC-A65BD219F914}.Debug|Any CPU.Build.0 = Debug|Any CPU
		{3EBD7EA5-172C-49F5-95EC-A65BD219F914}.Debug|x64.ActiveCfg = Debug|Any CPU
		{3EBD7EA5-172C-49F5-95EC-A65BD219F914}.Debug|x64.Build.0 = Debug|Any CPU
		{3EBD7EA5-172C-49F5-95EC-A65BD219F914}.Debug|x86.ActiveCfg = Debug|Any CPU
		{3EBD7EA5-172C-49F5-95EC-A65BD219F914}.Debug|x86.Build.0 = Debug|Any CPU
		{3EBD7EA5-172C-49F5-95EC-A65BD219F914}.Release|Any CPU.ActiveCfg = Release|Any CPU
		{3EBD7EA5-172C-49F5-95EC-A65BD219F914}.Release|Any CPU.Build.0 = Release|Any CPU
		{3EBD7EA5-172C-49F5-95EC-A65BD219F914}.Release|x64.ActiveCfg = Release|Any CPU
		{3EBD7EA5-172C-49F5-95EC-A65BD219F914}.Release|x64.Build.0 = Release|Any CPU
		{3EBD7EA5-172C-49F5-95EC-A65BD219F914}.Release|x86.ActiveCfg = Release|Any CPU
		{3EBD7EA5-172C-49F5-95EC-A65BD219F914}.Release|x86.Build.0 = Release|Any CPU
		{03372056-FBF3-4EAA-AEAC-7AE3DC311EAF}.Debug|Any CPU.ActiveCfg = Debug|Any CPU
		{03372056-FBF3-4EAA-AEAC-7AE3DC311EAF}.Debug|Any CPU.Build.0 = Debug|Any CPU
		{03372056-FBF3-4EAA-AEAC-7AE3DC311EAF}.Debug|x64.ActiveCfg = Debug|Any CPU
		{03372056-FBF3-4EAA-AEAC-7AE3DC311EAF}.Debug|x64.Build.0 = Debug|Any CPU
		{03372056-FBF3-4EAA-AEAC-7AE3DC311EAF}.Debug|x86.ActiveCfg = Debug|Any CPU
		{03372056-FBF3-4EAA-AEAC-7AE3DC311EAF}.Debug|x86.Build.0 = Debug|Any CPU
		{03372056-FBF3-4EAA-AEAC-7AE3DC311EAF}.Release|Any CPU.ActiveCfg = Release|Any CPU
		{03372056-FBF3-4EAA-AEAC-7AE3DC311EAF}.Release|Any CPU.Build.0 = Release|Any CPU
		{03372056-FBF3-4EAA-AEAC-7AE3DC311EAF}.Release|x64.ActiveCfg = Release|Any CPU
		{03372056-FBF3-4EAA-AEAC-7AE3DC311EAF}.Release|x64.Build.0 = Release|Any CPU
		{03372056-FBF3-4EAA-AEAC-7AE3DC311EAF}.Release|x86.ActiveCfg = Release|Any CPU
		{03372056-FBF3-4EAA-AEAC-7AE3DC311EAF}.Release|x86.Build.0 = Release|Any CPU
		{FD6319FC-36D8-423F-9D5B-575B362C0B47}.Debug|Any CPU.ActiveCfg = Debug|Any CPU
		{FD6319FC-36D8-423F-9D5B-575B362C0B47}.Debug|Any CPU.Build.0 = Debug|Any CPU
		{FD6319FC-36D8-423F-9D5B-575B362C0B47}.Debug|x64.ActiveCfg = Debug|Any CPU
		{FD6319FC-36D8-423F-9D5B-575B362C0B47}.Debug|x64.Build.0 = Debug|Any CPU
		{FD6319FC-36D8-423F-9D5B-575B362C0B47}.Debug|x86.ActiveCfg = Debug|Any CPU
		{FD6319FC-36D8-423F-9D5B-575B362C0B47}.Debug|x86.Build.0 = Debug|Any CPU
		{FD6319FC-36D8-423F-9D5B-575B362C0B47}.Release|Any CPU.ActiveCfg = Release|Any CPU
		{FD6319FC-36D8-423F-9D5B-575B362C0B47}.Release|Any CPU.Build.0 = Release|Any CPU
		{FD6319FC-36D8-423F-9D5B-575B362C0B47}.Release|x64.ActiveCfg = Release|Any CPU
		{FD6319FC-36D8-423F-9D5B-575B362C0B47}.Release|x64.Build.0 = Release|Any CPU
		{FD6319FC-36D8-423F-9D5B-575B362C0B47}.Release|x86.ActiveCfg = Release|Any CPU
		{FD6319FC-36D8-423F-9D5B-575B362C0B47}.Release|x86.Build.0 = Release|Any CPU
		{80628626-DB5E-47F1-9D69-4D90F9553259}.Debug|Any CPU.ActiveCfg = Debug|Any CPU
		{80628626-DB5E-47F1-9D69-4D90F9553259}.Debug|Any CPU.Build.0 = Debug|Any CPU
		{80628626-DB5E-47F1-9D69-4D90F9553259}.Debug|x64.ActiveCfg = Debug|Any CPU
		{80628626-DB5E-47F1-9D69-4D90F9553259}.Debug|x64.Build.0 = Debug|Any CPU
		{80628626-DB5E-47F1-9D69-4D90F9553259}.Debug|x86.ActiveCfg = Debug|Any CPU
		{80628626-DB5E-47F1-9D69-4D90F9553259}.Debug|x86.Build.0 = Debug|Any CPU
		{80628626-DB5E-47F1-9D69-4D90F9553259}.Release|Any CPU.ActiveCfg = Release|Any CPU
		{80628626-DB5E-47F1-9D69-4D90F9553259}.Release|Any CPU.Build.0 = Release|Any CPU
		{80628626-DB5E-47F1-9D69-4D90F9553259}.Release|x64.ActiveCfg = Release|Any CPU
		{80628626-DB5E-47F1-9D69-4D90F9553259}.Release|x64.Build.0 = Release|Any CPU
		{80628626-DB5E-47F1-9D69-4D90F9553259}.Release|x86.ActiveCfg = Release|Any CPU
		{80628626-DB5E-47F1-9D69-4D90F9553259}.Release|x86.Build.0 = Release|Any CPU
		{441CA72D-5B67-4706-A8C8-B4DE696EEE0D}.Debug|Any CPU.ActiveCfg = Debug|Any CPU
		{441CA72D-5B67-4706-A8C8-B4DE696EEE0D}.Debug|Any CPU.Build.0 = Debug|Any CPU
		{441CA72D-5B67-4706-A8C8-B4DE696EEE0D}.Debug|x64.ActiveCfg = Debug|Any CPU
		{441CA72D-5B67-4706-A8C8-B4DE696EEE0D}.Debug|x64.Build.0 = Debug|Any CPU
		{441CA72D-5B67-4706-A8C8-B4DE696EEE0D}.Debug|x86.ActiveCfg = Debug|Any CPU
		{441CA72D-5B67-4706-A8C8-B4DE696EEE0D}.Debug|x86.Build.0 = Debug|Any CPU
		{441CA72D-5B67-4706-A8C8-B4DE696EEE0D}.Release|Any CPU.ActiveCfg = Release|Any CPU
		{441CA72D-5B67-4706-A8C8-B4DE696EEE0D}.Release|Any CPU.Build.0 = Release|Any CPU
		{441CA72D-5B67-4706-A8C8-B4DE696EEE0D}.Release|x64.ActiveCfg = Release|Any CPU
		{441CA72D-5B67-4706-A8C8-B4DE696EEE0D}.Release|x64.Build.0 = Release|Any CPU
		{441CA72D-5B67-4706-A8C8-B4DE696EEE0D}.Release|x86.ActiveCfg = Release|Any CPU
		{441CA72D-5B67-4706-A8C8-B4DE696EEE0D}.Release|x86.Build.0 = Release|Any CPU
		{6C0766C6-0E8D-4412-A705-D1450BAC669D}.Debug|Any CPU.ActiveCfg = Debug|Any CPU
		{6C0766C6-0E8D-4412-A705-D1450BAC669D}.Debug|Any CPU.Build.0 = Debug|Any CPU
		{6C0766C6-0E8D-4412-A705-D1450BAC669D}.Debug|x64.ActiveCfg = Debug|Any CPU
		{6C0766C6-0E8D-4412-A705-D1450BAC669D}.Debug|x64.Build.0 = Debug|Any CPU
		{6C0766C6-0E8D-4412-A705-D1450BAC669D}.Debug|x86.ActiveCfg = Debug|Any CPU
		{6C0766C6-0E8D-4412-A705-D1450BAC669D}.Debug|x86.Build.0 = Debug|Any CPU
		{6C0766C6-0E8D-4412-A705-D1450BAC669D}.Release|Any CPU.ActiveCfg = Release|Any CPU
		{6C0766C6-0E8D-4412-A705-D1450BAC669D}.Release|Any CPU.Build.0 = Release|Any CPU
		{6C0766C6-0E8D-4412-A705-D1450BAC669D}.Release|x64.ActiveCfg = Release|Any CPU
		{6C0766C6-0E8D-4412-A705-D1450BAC669D}.Release|x64.Build.0 = Release|Any CPU
		{6C0766C6-0E8D-4412-A705-D1450BAC669D}.Release|x86.ActiveCfg = Release|Any CPU
		{6C0766C6-0E8D-4412-A705-D1450BAC669D}.Release|x86.Build.0 = Release|Any CPU
		{E5145668-6FC2-487A-90F2-5DA4F4F51BDB}.Debug|Any CPU.ActiveCfg = Debug|Any CPU
		{E5145668-6FC2-487A-90F2-5DA4F4F51BDB}.Debug|Any CPU.Build.0 = Debug|Any CPU
		{E5145668-6FC2-487A-90F2-5DA4F4F51BDB}.Debug|x64.ActiveCfg = Debug|Any CPU
		{E5145668-6FC2-487A-90F2-5DA4F4F51BDB}.Debug|x64.Build.0 = Debug|Any CPU
		{E5145668-6FC2-487A-90F2-5DA4F4F51BDB}.Debug|x86.ActiveCfg = Debug|Any CPU
		{E5145668-6FC2-487A-90F2-5DA4F4F51BDB}.Debug|x86.Build.0 = Debug|Any CPU
		{E5145668-6FC2-487A-90F2-5DA4F4F51BDB}.Release|Any CPU.ActiveCfg = Release|Any CPU
		{E5145668-6FC2-487A-90F2-5DA4F4F51BDB}.Release|Any CPU.Build.0 = Release|Any CPU
		{E5145668-6FC2-487A-90F2-5DA4F4F51BDB}.Release|x64.ActiveCfg = Release|Any CPU
		{E5145668-6FC2-487A-90F2-5DA4F4F51BDB}.Release|x64.Build.0 = Release|Any CPU
		{E5145668-6FC2-487A-90F2-5DA4F4F51BDB}.Release|x86.ActiveCfg = Release|Any CPU
		{E5145668-6FC2-487A-90F2-5DA4F4F51BDB}.Release|x86.Build.0 = Release|Any CPU
		{AC8474E8-4D1D-4682-813E-6A27A45F011F}.Debug|Any CPU.ActiveCfg = Debug|Any CPU
		{AC8474E8-4D1D-4682-813E-6A27A45F011F}.Debug|Any CPU.Build.0 = Debug|Any CPU
		{AC8474E8-4D1D-4682-813E-6A27A45F011F}.Debug|x64.ActiveCfg = Debug|Any CPU
		{AC8474E8-4D1D-4682-813E-6A27A45F011F}.Debug|x64.Build.0 = Debug|Any CPU
		{AC8474E8-4D1D-4682-813E-6A27A45F011F}.Debug|x86.ActiveCfg = Debug|Any CPU
		{AC8474E8-4D1D-4682-813E-6A27A45F011F}.Debug|x86.Build.0 = Debug|Any CPU
		{AC8474E8-4D1D-4682-813E-6A27A45F011F}.Release|Any CPU.ActiveCfg = Release|Any CPU
		{AC8474E8-4D1D-4682-813E-6A27A45F011F}.Release|Any CPU.Build.0 = Release|Any CPU
		{AC8474E8-4D1D-4682-813E-6A27A45F011F}.Release|x64.ActiveCfg = Release|Any CPU
		{AC8474E8-4D1D-4682-813E-6A27A45F011F}.Release|x64.Build.0 = Release|Any CPU
		{AC8474E8-4D1D-4682-813E-6A27A45F011F}.Release|x86.ActiveCfg = Release|Any CPU
		{AC8474E8-4D1D-4682-813E-6A27A45F011F}.Release|x86.Build.0 = Release|Any CPU
		{647CAF48-E11D-4690-96D1-602659E3FE4B}.Debug|Any CPU.ActiveCfg = Debug|Any CPU
		{647CAF48-E11D-4690-96D1-602659E3FE4B}.Debug|Any CPU.Build.0 = Debug|Any CPU
		{647CAF48-E11D-4690-96D1-602659E3FE4B}.Debug|x64.ActiveCfg = Debug|Any CPU
		{647CAF48-E11D-4690-96D1-602659E3FE4B}.Debug|x64.Build.0 = Debug|Any CPU
		{647CAF48-E11D-4690-96D1-602659E3FE4B}.Debug|x86.ActiveCfg = Debug|Any CPU
		{647CAF48-E11D-4690-96D1-602659E3FE4B}.Debug|x86.Build.0 = Debug|Any CPU
		{647CAF48-E11D-4690-96D1-602659E3FE4B}.Release|Any CPU.ActiveCfg = Release|Any CPU
		{647CAF48-E11D-4690-96D1-602659E3FE4B}.Release|Any CPU.Build.0 = Release|Any CPU
		{647CAF48-E11D-4690-96D1-602659E3FE4B}.Release|x64.ActiveCfg = Release|Any CPU
		{647CAF48-E11D-4690-96D1-602659E3FE4B}.Release|x64.Build.0 = Release|Any CPU
		{647CAF48-E11D-4690-96D1-602659E3FE4B}.Release|x86.ActiveCfg = Release|Any CPU
		{647CAF48-E11D-4690-96D1-602659E3FE4B}.Release|x86.Build.0 = Release|Any CPU
		{ABBF4EAA-A49B-430A-9962-7C89F6B7F602}.Debug|Any CPU.ActiveCfg = Debug|Any CPU
		{ABBF4EAA-A49B-430A-9962-7C89F6B7F602}.Debug|Any CPU.Build.0 = Debug|Any CPU
		{ABBF4EAA-A49B-430A-9962-7C89F6B7F602}.Debug|x64.ActiveCfg = Debug|Any CPU
		{ABBF4EAA-A49B-430A-9962-7C89F6B7F602}.Debug|x64.Build.0 = Debug|Any CPU
		{ABBF4EAA-A49B-430A-9962-7C89F6B7F602}.Debug|x86.ActiveCfg = Debug|Any CPU
		{ABBF4EAA-A49B-430A-9962-7C89F6B7F602}.Debug|x86.Build.0 = Debug|Any CPU
		{ABBF4EAA-A49B-430A-9962-7C89F6B7F602}.Release|Any CPU.ActiveCfg = Release|Any CPU
		{ABBF4EAA-A49B-430A-9962-7C89F6B7F602}.Release|Any CPU.Build.0 = Release|Any CPU
		{ABBF4EAA-A49B-430A-9962-7C89F6B7F602}.Release|x64.ActiveCfg = Release|Any CPU
		{ABBF4EAA-A49B-430A-9962-7C89F6B7F602}.Release|x64.Build.0 = Release|Any CPU
		{ABBF4EAA-A49B-430A-9962-7C89F6B7F602}.Release|x86.ActiveCfg = Release|Any CPU
		{ABBF4EAA-A49B-430A-9962-7C89F6B7F602}.Release|x86.Build.0 = Release|Any CPU
		{8DCCFE34-7B20-4037-BF54-739ADFACFC8A}.Debug|Any CPU.ActiveCfg = Debug|Any CPU
		{8DCCFE34-7B20-4037-BF54-739ADFACFC8A}.Debug|Any CPU.Build.0 = Debug|Any CPU
		{8DCCFE34-7B20-4037-BF54-739ADFACFC8A}.Debug|x64.ActiveCfg = Debug|Any CPU
		{8DCCFE34-7B20-4037-BF54-739ADFACFC8A}.Debug|x64.Build.0 = Debug|Any CPU
		{8DCCFE34-7B20-4037-BF54-739ADFACFC8A}.Debug|x86.ActiveCfg = Debug|Any CPU
		{8DCCFE34-7B20-4037-BF54-739ADFACFC8A}.Debug|x86.Build.0 = Debug|Any CPU
		{8DCCFE34-7B20-4037-BF54-739ADFACFC8A}.Release|Any CPU.ActiveCfg = Release|Any CPU
		{8DCCFE34-7B20-4037-BF54-739ADFACFC8A}.Release|Any CPU.Build.0 = Release|Any CPU
		{8DCCFE34-7B20-4037-BF54-739ADFACFC8A}.Release|x64.ActiveCfg = Release|Any CPU
		{8DCCFE34-7B20-4037-BF54-739ADFACFC8A}.Release|x64.Build.0 = Release|Any CPU
		{8DCCFE34-7B20-4037-BF54-739ADFACFC8A}.Release|x86.ActiveCfg = Release|Any CPU
		{8DCCFE34-7B20-4037-BF54-739ADFACFC8A}.Release|x86.Build.0 = Release|Any CPU
		{FB5F1147-7BC2-4314-B6DC-5B4F2A2B2B32}.Debug|Any CPU.ActiveCfg = Debug|Any CPU
		{FB5F1147-7BC2-4314-B6DC-5B4F2A2B2B32}.Debug|Any CPU.Build.0 = Debug|Any CPU
		{FB5F1147-7BC2-4314-B6DC-5B4F2A2B2B32}.Debug|x64.ActiveCfg = Debug|Any CPU
		{FB5F1147-7BC2-4314-B6DC-5B4F2A2B2B32}.Debug|x64.Build.0 = Debug|Any CPU
		{FB5F1147-7BC2-4314-B6DC-5B4F2A2B2B32}.Debug|x86.ActiveCfg = Debug|Any CPU
		{FB5F1147-7BC2-4314-B6DC-5B4F2A2B2B32}.Debug|x86.Build.0 = Debug|Any CPU
		{FB5F1147-7BC2-4314-B6DC-5B4F2A2B2B32}.Release|Any CPU.ActiveCfg = Release|Any CPU
		{FB5F1147-7BC2-4314-B6DC-5B4F2A2B2B32}.Release|Any CPU.Build.0 = Release|Any CPU
		{FB5F1147-7BC2-4314-B6DC-5B4F2A2B2B32}.Release|x64.ActiveCfg = Release|Any CPU
		{FB5F1147-7BC2-4314-B6DC-5B4F2A2B2B32}.Release|x64.Build.0 = Release|Any CPU
		{FB5F1147-7BC2-4314-B6DC-5B4F2A2B2B32}.Release|x86.ActiveCfg = Release|Any CPU
		{FB5F1147-7BC2-4314-B6DC-5B4F2A2B2B32}.Release|x86.Build.0 = Release|Any CPU
		{18A5365D-4362-4D89-8386-E74C7909E9B7}.Debug|Any CPU.ActiveCfg = Debug|Any CPU
		{18A5365D-4362-4D89-8386-E74C7909E9B7}.Debug|Any CPU.Build.0 = Debug|Any CPU
		{18A5365D-4362-4D89-8386-E74C7909E9B7}.Debug|x64.ActiveCfg = Debug|Any CPU
		{18A5365D-4362-4D89-8386-E74C7909E9B7}.Debug|x64.Build.0 = Debug|Any CPU
		{18A5365D-4362-4D89-8386-E74C7909E9B7}.Debug|x86.ActiveCfg = Debug|Any CPU
		{18A5365D-4362-4D89-8386-E74C7909E9B7}.Debug|x86.Build.0 = Debug|Any CPU
		{18A5365D-4362-4D89-8386-E74C7909E9B7}.Release|Any CPU.ActiveCfg = Release|Any CPU
		{18A5365D-4362-4D89-8386-E74C7909E9B7}.Release|Any CPU.Build.0 = Release|Any CPU
		{18A5365D-4362-4D89-8386-E74C7909E9B7}.Release|x64.ActiveCfg = Release|Any CPU
		{18A5365D-4362-4D89-8386-E74C7909E9B7}.Release|x64.Build.0 = Release|Any CPU
		{18A5365D-4362-4D89-8386-E74C7909E9B7}.Release|x86.ActiveCfg = Release|Any CPU
		{18A5365D-4362-4D89-8386-E74C7909E9B7}.Release|x86.Build.0 = Release|Any CPU
		{DD3225D9-FC51-4D09-9F1C-F6029C1D69E0}.Debug|Any CPU.ActiveCfg = Debug|Any CPU
		{DD3225D9-FC51-4D09-9F1C-F6029C1D69E0}.Debug|Any CPU.Build.0 = Debug|Any CPU
		{DD3225D9-FC51-4D09-9F1C-F6029C1D69E0}.Debug|x64.ActiveCfg = Debug|Any CPU
		{DD3225D9-FC51-4D09-9F1C-F6029C1D69E0}.Debug|x64.Build.0 = Debug|Any CPU
		{DD3225D9-FC51-4D09-9F1C-F6029C1D69E0}.Debug|x86.ActiveCfg = Debug|Any CPU
		{DD3225D9-FC51-4D09-9F1C-F6029C1D69E0}.Debug|x86.Build.0 = Debug|Any CPU
		{DD3225D9-FC51-4D09-9F1C-F6029C1D69E0}.Release|Any CPU.ActiveCfg = Release|Any CPU
		{DD3225D9-FC51-4D09-9F1C-F6029C1D69E0}.Release|Any CPU.Build.0 = Release|Any CPU
		{DD3225D9-FC51-4D09-9F1C-F6029C1D69E0}.Release|x64.ActiveCfg = Release|Any CPU
		{DD3225D9-FC51-4D09-9F1C-F6029C1D69E0}.Release|x64.Build.0 = Release|Any CPU
		{DD3225D9-FC51-4D09-9F1C-F6029C1D69E0}.Release|x86.ActiveCfg = Release|Any CPU
		{DD3225D9-FC51-4D09-9F1C-F6029C1D69E0}.Release|x86.Build.0 = Release|Any CPU
		{DB277238-454D-46E2-A2EE-9923D6887A5E}.Debug|Any CPU.ActiveCfg = Debug|Any CPU
		{DB277238-454D-46E2-A2EE-9923D6887A5E}.Debug|Any CPU.Build.0 = Debug|Any CPU
		{DB277238-454D-46E2-A2EE-9923D6887A5E}.Debug|x64.ActiveCfg = Debug|Any CPU
		{DB277238-454D-46E2-A2EE-9923D6887A5E}.Debug|x64.Build.0 = Debug|Any CPU
		{DB277238-454D-46E2-A2EE-9923D6887A5E}.Debug|x86.ActiveCfg = Debug|Any CPU
		{DB277238-454D-46E2-A2EE-9923D6887A5E}.Debug|x86.Build.0 = Debug|Any CPU
		{DB277238-454D-46E2-A2EE-9923D6887A5E}.Release|Any CPU.ActiveCfg = Release|Any CPU
		{DB277238-454D-46E2-A2EE-9923D6887A5E}.Release|Any CPU.Build.0 = Release|Any CPU
		{DB277238-454D-46E2-A2EE-9923D6887A5E}.Release|x64.ActiveCfg = Release|Any CPU
		{DB277238-454D-46E2-A2EE-9923D6887A5E}.Release|x64.Build.0 = Release|Any CPU
		{DB277238-454D-46E2-A2EE-9923D6887A5E}.Release|x86.ActiveCfg = Release|Any CPU
		{DB277238-454D-46E2-A2EE-9923D6887A5E}.Release|x86.Build.0 = Release|Any CPU
		{2C7CDFA1-87EA-4A3D-AF43-C797973807C6}.Debug|Any CPU.ActiveCfg = Debug|Any CPU
		{2C7CDFA1-87EA-4A3D-AF43-C797973807C6}.Debug|Any CPU.Build.0 = Debug|Any CPU
		{2C7CDFA1-87EA-4A3D-AF43-C797973807C6}.Debug|x64.ActiveCfg = Debug|Any CPU
		{2C7CDFA1-87EA-4A3D-AF43-C797973807C6}.Debug|x64.Build.0 = Debug|Any CPU
		{2C7CDFA1-87EA-4A3D-AF43-C797973807C6}.Debug|x86.ActiveCfg = Debug|Any CPU
		{2C7CDFA1-87EA-4A3D-AF43-C797973807C6}.Debug|x86.Build.0 = Debug|Any CPU
		{2C7CDFA1-87EA-4A3D-AF43-C797973807C6}.Release|Any CPU.ActiveCfg = Release|Any CPU
		{2C7CDFA1-87EA-4A3D-AF43-C797973807C6}.Release|Any CPU.Build.0 = Release|Any CPU
		{2C7CDFA1-87EA-4A3D-AF43-C797973807C6}.Release|x64.ActiveCfg = Release|Any CPU
		{2C7CDFA1-87EA-4A3D-AF43-C797973807C6}.Release|x64.Build.0 = Release|Any CPU
		{2C7CDFA1-87EA-4A3D-AF43-C797973807C6}.Release|x86.ActiveCfg = Release|Any CPU
		{2C7CDFA1-87EA-4A3D-AF43-C797973807C6}.Release|x86.Build.0 = Release|Any CPU
		{BC9B0C23-4D08-4147-93CA-1B5B6EF4E747}.Debug|Any CPU.ActiveCfg = Debug|Any CPU
		{BC9B0C23-4D08-4147-93CA-1B5B6EF4E747}.Debug|Any CPU.Build.0 = Debug|Any CPU
		{BC9B0C23-4D08-4147-93CA-1B5B6EF4E747}.Debug|x64.ActiveCfg = Debug|Any CPU
		{BC9B0C23-4D08-4147-93CA-1B5B6EF4E747}.Debug|x64.Build.0 = Debug|Any CPU
		{BC9B0C23-4D08-4147-93CA-1B5B6EF4E747}.Debug|x86.ActiveCfg = Debug|Any CPU
		{BC9B0C23-4D08-4147-93CA-1B5B6EF4E747}.Debug|x86.Build.0 = Debug|Any CPU
		{BC9B0C23-4D08-4147-93CA-1B5B6EF4E747}.Release|Any CPU.ActiveCfg = Release|Any CPU
		{BC9B0C23-4D08-4147-93CA-1B5B6EF4E747}.Release|Any CPU.Build.0 = Release|Any CPU
		{BC9B0C23-4D08-4147-93CA-1B5B6EF4E747}.Release|x64.ActiveCfg = Release|Any CPU
		{BC9B0C23-4D08-4147-93CA-1B5B6EF4E747}.Release|x64.Build.0 = Release|Any CPU
		{BC9B0C23-4D08-4147-93CA-1B5B6EF4E747}.Release|x86.ActiveCfg = Release|Any CPU
		{BC9B0C23-4D08-4147-93CA-1B5B6EF4E747}.Release|x86.Build.0 = Release|Any CPU
		{DB585525-994F-4206-A609-42671014AA59}.Debug|Any CPU.ActiveCfg = Debug|Any CPU
		{DB585525-994F-4206-A609-42671014AA59}.Debug|Any CPU.Build.0 = Debug|Any CPU
		{DB585525-994F-4206-A609-42671014AA59}.Debug|x64.ActiveCfg = Debug|Any CPU
		{DB585525-994F-4206-A609-42671014AA59}.Debug|x64.Build.0 = Debug|Any CPU
		{DB585525-994F-4206-A609-42671014AA59}.Debug|x86.ActiveCfg = Debug|Any CPU
		{DB585525-994F-4206-A609-42671014AA59}.Debug|x86.Build.0 = Debug|Any CPU
		{DB585525-994F-4206-A609-42671014AA59}.Release|Any CPU.ActiveCfg = Release|Any CPU
		{DB585525-994F-4206-A609-42671014AA59}.Release|Any CPU.Build.0 = Release|Any CPU
		{DB585525-994F-4206-A609-42671014AA59}.Release|x64.ActiveCfg = Release|Any CPU
		{DB585525-994F-4206-A609-42671014AA59}.Release|x64.Build.0 = Release|Any CPU
		{DB585525-994F-4206-A609-42671014AA59}.Release|x86.ActiveCfg = Release|Any CPU
		{DB585525-994F-4206-A609-42671014AA59}.Release|x86.Build.0 = Release|Any CPU
		{5D37F17B-DEB9-4DE4-8667-D51F4B24B3A2}.Debug|Any CPU.ActiveCfg = Debug|Any CPU
		{5D37F17B-DEB9-4DE4-8667-D51F4B24B3A2}.Debug|Any CPU.Build.0 = Debug|Any CPU
		{5D37F17B-DEB9-4DE4-8667-D51F4B24B3A2}.Debug|x64.ActiveCfg = Debug|Any CPU
		{5D37F17B-DEB9-4DE4-8667-D51F4B24B3A2}.Debug|x64.Build.0 = Debug|Any CPU
		{5D37F17B-DEB9-4DE4-8667-D51F4B24B3A2}.Debug|x86.ActiveCfg = Debug|Any CPU
		{5D37F17B-DEB9-4DE4-8667-D51F4B24B3A2}.Debug|x86.Build.0 = Debug|Any CPU
		{5D37F17B-DEB9-4DE4-8667-D51F4B24B3A2}.Release|Any CPU.ActiveCfg = Release|Any CPU
		{5D37F17B-DEB9-4DE4-8667-D51F4B24B3A2}.Release|Any CPU.Build.0 = Release|Any CPU
		{5D37F17B-DEB9-4DE4-8667-D51F4B24B3A2}.Release|x64.ActiveCfg = Release|Any CPU
		{5D37F17B-DEB9-4DE4-8667-D51F4B24B3A2}.Release|x64.Build.0 = Release|Any CPU
		{5D37F17B-DEB9-4DE4-8667-D51F4B24B3A2}.Release|x86.ActiveCfg = Release|Any CPU
		{5D37F17B-DEB9-4DE4-8667-D51F4B24B3A2}.Release|x86.Build.0 = Release|Any CPU
		{9AB68BF8-0A9B-43BF-9FA1-6EFBCE3C3FE4}.Debug|Any CPU.ActiveCfg = Debug|Any CPU
		{9AB68BF8-0A9B-43BF-9FA1-6EFBCE3C3FE4}.Debug|Any CPU.Build.0 = Debug|Any CPU
		{9AB68BF8-0A9B-43BF-9FA1-6EFBCE3C3FE4}.Debug|x64.ActiveCfg = Debug|Any CPU
		{9AB68BF8-0A9B-43BF-9FA1-6EFBCE3C3FE4}.Debug|x64.Build.0 = Debug|Any CPU
		{9AB68BF8-0A9B-43BF-9FA1-6EFBCE3C3FE4}.Debug|x86.ActiveCfg = Debug|Any CPU
		{9AB68BF8-0A9B-43BF-9FA1-6EFBCE3C3FE4}.Debug|x86.Build.0 = Debug|Any CPU
		{9AB68BF8-0A9B-43BF-9FA1-6EFBCE3C3FE4}.Release|Any CPU.ActiveCfg = Release|Any CPU
		{9AB68BF8-0A9B-43BF-9FA1-6EFBCE3C3FE4}.Release|Any CPU.Build.0 = Release|Any CPU
		{9AB68BF8-0A9B-43BF-9FA1-6EFBCE3C3FE4}.Release|x64.ActiveCfg = Release|Any CPU
		{9AB68BF8-0A9B-43BF-9FA1-6EFBCE3C3FE4}.Release|x64.Build.0 = Release|Any CPU
		{9AB68BF8-0A9B-43BF-9FA1-6EFBCE3C3FE4}.Release|x86.ActiveCfg = Release|Any CPU
		{9AB68BF8-0A9B-43BF-9FA1-6EFBCE3C3FE4}.Release|x86.Build.0 = Release|Any CPU
		{076F6715-4E20-4DFC-9331-AF12610F79D8}.Debug|Any CPU.ActiveCfg = Debug|Any CPU
		{076F6715-4E20-4DFC-9331-AF12610F79D8}.Debug|Any CPU.Build.0 = Debug|Any CPU
		{076F6715-4E20-4DFC-9331-AF12610F79D8}.Debug|x64.ActiveCfg = Debug|Any CPU
		{076F6715-4E20-4DFC-9331-AF12610F79D8}.Debug|x64.Build.0 = Debug|Any CPU
		{076F6715-4E20-4DFC-9331-AF12610F79D8}.Debug|x86.ActiveCfg = Debug|Any CPU
		{076F6715-4E20-4DFC-9331-AF12610F79D8}.Debug|x86.Build.0 = Debug|Any CPU
		{076F6715-4E20-4DFC-9331-AF12610F79D8}.Release|Any CPU.ActiveCfg = Release|Any CPU
		{076F6715-4E20-4DFC-9331-AF12610F79D8}.Release|Any CPU.Build.0 = Release|Any CPU
		{076F6715-4E20-4DFC-9331-AF12610F79D8}.Release|x64.ActiveCfg = Release|Any CPU
		{076F6715-4E20-4DFC-9331-AF12610F79D8}.Release|x64.Build.0 = Release|Any CPU
		{076F6715-4E20-4DFC-9331-AF12610F79D8}.Release|x86.ActiveCfg = Release|Any CPU
		{076F6715-4E20-4DFC-9331-AF12610F79D8}.Release|x86.Build.0 = Release|Any CPU
		{93592052-48B1-4E1A-BBED-DB7A457CA1E7}.Debug|Any CPU.ActiveCfg = Debug|Any CPU
		{93592052-48B1-4E1A-BBED-DB7A457CA1E7}.Debug|Any CPU.Build.0 = Debug|Any CPU
		{93592052-48B1-4E1A-BBED-DB7A457CA1E7}.Debug|x64.ActiveCfg = Debug|Any CPU
		{93592052-48B1-4E1A-BBED-DB7A457CA1E7}.Debug|x64.Build.0 = Debug|Any CPU
		{93592052-48B1-4E1A-BBED-DB7A457CA1E7}.Debug|x86.ActiveCfg = Debug|Any CPU
		{93592052-48B1-4E1A-BBED-DB7A457CA1E7}.Debug|x86.Build.0 = Debug|Any CPU
		{93592052-48B1-4E1A-BBED-DB7A457CA1E7}.Release|Any CPU.ActiveCfg = Release|Any CPU
		{93592052-48B1-4E1A-BBED-DB7A457CA1E7}.Release|Any CPU.Build.0 = Release|Any CPU
		{93592052-48B1-4E1A-BBED-DB7A457CA1E7}.Release|x64.ActiveCfg = Release|Any CPU
		{93592052-48B1-4E1A-BBED-DB7A457CA1E7}.Release|x64.Build.0 = Release|Any CPU
		{93592052-48B1-4E1A-BBED-DB7A457CA1E7}.Release|x86.ActiveCfg = Release|Any CPU
		{93592052-48B1-4E1A-BBED-DB7A457CA1E7}.Release|x86.Build.0 = Release|Any CPU
		{34FA0662-FA8F-48DE-B4CD-5CBFF81EFDB5}.Debug|Any CPU.ActiveCfg = Debug|Any CPU
		{34FA0662-FA8F-48DE-B4CD-5CBFF81EFDB5}.Debug|Any CPU.Build.0 = Debug|Any CPU
		{34FA0662-FA8F-48DE-B4CD-5CBFF81EFDB5}.Debug|x64.ActiveCfg = Debug|Any CPU
		{34FA0662-FA8F-48DE-B4CD-5CBFF81EFDB5}.Debug|x64.Build.0 = Debug|Any CPU
		{34FA0662-FA8F-48DE-B4CD-5CBFF81EFDB5}.Debug|x86.ActiveCfg = Debug|Any CPU
		{34FA0662-FA8F-48DE-B4CD-5CBFF81EFDB5}.Debug|x86.Build.0 = Debug|Any CPU
		{34FA0662-FA8F-48DE-B4CD-5CBFF81EFDB5}.Release|Any CPU.ActiveCfg = Release|Any CPU
		{34FA0662-FA8F-48DE-B4CD-5CBFF81EFDB5}.Release|Any CPU.Build.0 = Release|Any CPU
		{34FA0662-FA8F-48DE-B4CD-5CBFF81EFDB5}.Release|x64.ActiveCfg = Release|Any CPU
		{34FA0662-FA8F-48DE-B4CD-5CBFF81EFDB5}.Release|x64.Build.0 = Release|Any CPU
		{34FA0662-FA8F-48DE-B4CD-5CBFF81EFDB5}.Release|x86.ActiveCfg = Release|Any CPU
		{34FA0662-FA8F-48DE-B4CD-5CBFF81EFDB5}.Release|x86.Build.0 = Release|Any CPU
		{D41292A7-1699-4059-9461-2A230456E09F}.Debug|Any CPU.ActiveCfg = Debug|Any CPU
		{D41292A7-1699-4059-9461-2A230456E09F}.Debug|Any CPU.Build.0 = Debug|Any CPU
		{D41292A7-1699-4059-9461-2A230456E09F}.Debug|x64.ActiveCfg = Debug|Any CPU
		{D41292A7-1699-4059-9461-2A230456E09F}.Debug|x64.Build.0 = Debug|Any CPU
		{D41292A7-1699-4059-9461-2A230456E09F}.Debug|x86.ActiveCfg = Debug|Any CPU
		{D41292A7-1699-4059-9461-2A230456E09F}.Debug|x86.Build.0 = Debug|Any CPU
		{D41292A7-1699-4059-9461-2A230456E09F}.Release|Any CPU.ActiveCfg = Release|Any CPU
		{D41292A7-1699-4059-9461-2A230456E09F}.Release|Any CPU.Build.0 = Release|Any CPU
		{D41292A7-1699-4059-9461-2A230456E09F}.Release|x64.ActiveCfg = Release|Any CPU
		{D41292A7-1699-4059-9461-2A230456E09F}.Release|x64.Build.0 = Release|Any CPU
		{D41292A7-1699-4059-9461-2A230456E09F}.Release|x86.ActiveCfg = Release|Any CPU
		{D41292A7-1699-4059-9461-2A230456E09F}.Release|x86.Build.0 = Release|Any CPU
	EndGlobalSection
	GlobalSection(SolutionProperties) = preSolution
		HideSolutionNode = FALSE
	EndGlobalSection
	GlobalSection(NestedProjects) = preSolution
		{8B537005-3B82-4C84-9F7C-F8035986B34B} = {233C46D6-FEF0-283D-45ED-A9E46B865BB3}
		{99390CEA-3ADC-4BDA-96CA-7CDC1640AFB0} = {233C46D6-FEF0-283D-45ED-A9E46B865BB3}
		{9E815CD9-2ECE-4D8B-A8CD-658D98F906CD} = {AF85882C-FF1C-6406-4457-EB3E9E1478ED}
		{1E41C719-ED82-4948-8221-833D24539A2B} = {AF85882C-FF1C-6406-4457-EB3E9E1478ED}
		{1CBCB974-F749-432A-A03E-B5D8CAAEB767} = {233C46D6-FEF0-283D-45ED-A9E46B865BB3}
		{53E0F920-BE10-4544-86A7-5DB6770E890E} = {233C46D6-FEF0-283D-45ED-A9E46B865BB3}
		{DBAF90C5-01FE-4DD9-8BEE-9D8163C7BF69} = {233C46D6-FEF0-283D-45ED-A9E46B865BB3}
		{6924CC44-7184-4A29-B422-5F494F8C5E46} = {233C46D6-FEF0-283D-45ED-A9E46B865BB3}
		{90FCAA2C-E6B8-4E25-8123-1C53BF84D9E0} = {233C46D6-FEF0-283D-45ED-A9E46B865BB3}
		{1289C962-8BD1-4E3A-895D-12FB08185B03} = {233C46D6-FEF0-283D-45ED-A9E46B865BB3}
		{B1B37FB3-18D7-40AA-B0ED-75B056E038FC} = {233C46D6-FEF0-283D-45ED-A9E46B865BB3}
		{B57A46C2-4BE0-463B-9F77-A6673128AD1E} = {233C46D6-FEF0-283D-45ED-A9E46B865BB3}
		{78340864-F977-4731-873F-A5B7FE03A0AE} = {233C46D6-FEF0-283D-45ED-A9E46B865BB3}
		{92E4BC86-AA63-43F9-9860-3D68F6D9D479} = {233C46D6-FEF0-283D-45ED-A9E46B865BB3}
		{BBB5D7B4-94A8-45F4-B249-B48E91A366F7} = {233C46D6-FEF0-283D-45ED-A9E46B865BB3}
		{E01B6434-66C7-4A2E-959A-A3F3E507171C} = {233C46D6-FEF0-283D-45ED-A9E46B865BB3}
		{07F46504-62A8-43A2-B216-2AF53495B1D3} = {233C46D6-FEF0-283D-45ED-A9E46B865BB3}
		{11842A57-4D9D-42FC-B7C8-886C37E0A786} = {233C46D6-FEF0-283D-45ED-A9E46B865BB3}
		{4E4E4BF3-1033-4CE0-9188-6F24D12B3F0D} = {233C46D6-FEF0-283D-45ED-A9E46B865BB3}
		{66B69FC1-B75E-496F-9F26-CF4F79FDF0B0} = {233C46D6-FEF0-283D-45ED-A9E46B865BB3}
		{A390B911-AE84-4CF9-AD32-209CCFD5191E} = {233C46D6-FEF0-283D-45ED-A9E46B865BB3}
		{D8C41B89-2830-4842-9F38-4B9D604C24EF} = {233C46D6-FEF0-283D-45ED-A9E46B865BB3}
		{79B7505B-3799-4377-86B3-598FF551EEEA} = {233C46D6-FEF0-283D-45ED-A9E46B865BB3}
		{13C09B57-620D-4CDE-B112-CD39F1D7F900} = {233C46D6-FEF0-283D-45ED-A9E46B865BB3}
		{AD048E33-4A3C-4FC6-B3F3-E417DA5FE2DB} = {233C46D6-FEF0-283D-45ED-A9E46B865BB3}
		{4CC5E45B-5F2E-4295-A9C1-CC8A182E94A2} = {233C46D6-FEF0-283D-45ED-A9E46B865BB3}
		{3EBD7EA5-172C-49F5-95EC-A65BD219F914} = {233C46D6-FEF0-283D-45ED-A9E46B865BB3}
		{03372056-FBF3-4EAA-AEAC-7AE3DC311EAF} = {233C46D6-FEF0-283D-45ED-A9E46B865BB3}
		{FD6319FC-36D8-423F-9D5B-575B362C0B47} = {233C46D6-FEF0-283D-45ED-A9E46B865BB3}
		{80628626-DB5E-47F1-9D69-4D90F9553259} = {233C46D6-FEF0-283D-45ED-A9E46B865BB3}
		{441CA72D-5B67-4706-A8C8-B4DE696EEE0D} = {233C46D6-FEF0-283D-45ED-A9E46B865BB3}
		{6C0766C6-0E8D-4412-A705-D1450BAC669D} = {233C46D6-FEF0-283D-45ED-A9E46B865BB3}
		{E5145668-6FC2-487A-90F2-5DA4F4F51BDB} = {AF85882C-FF1C-6406-4457-EB3E9E1478ED}
		{AC8474E8-4D1D-4682-813E-6A27A45F011F} = {AF85882C-FF1C-6406-4457-EB3E9E1478ED}
		{647CAF48-E11D-4690-96D1-602659E3FE4B} = {AF85882C-FF1C-6406-4457-EB3E9E1478ED}
		{ABBF4EAA-A49B-430A-9962-7C89F6B7F602} = {AF85882C-FF1C-6406-4457-EB3E9E1478ED}
		{8DCCFE34-7B20-4037-BF54-739ADFACFC8A} = {AF85882C-FF1C-6406-4457-EB3E9E1478ED}
		{FB5F1147-7BC2-4314-B6DC-5B4F2A2B2B32} = {AF85882C-FF1C-6406-4457-EB3E9E1478ED}
		{18A5365D-4362-4D89-8386-E74C7909E9B7} = {AF85882C-FF1C-6406-4457-EB3E9E1478ED}
		{DD3225D9-FC51-4D09-9F1C-F6029C1D69E0} = {AF85882C-FF1C-6406-4457-EB3E9E1478ED}
		{DB277238-454D-46E2-A2EE-9923D6887A5E} = {AF85882C-FF1C-6406-4457-EB3E9E1478ED}
		{2C7CDFA1-87EA-4A3D-AF43-C797973807C6} = {AF85882C-FF1C-6406-4457-EB3E9E1478ED}
		{BC9B0C23-4D08-4147-93CA-1B5B6EF4E747} = {AF85882C-FF1C-6406-4457-EB3E9E1478ED}
		{DB585525-994F-4206-A609-42671014AA59} = {AF85882C-FF1C-6406-4457-EB3E9E1478ED}
		{5D37F17B-DEB9-4DE4-8667-D51F4B24B3A2} = {AF85882C-FF1C-6406-4457-EB3E9E1478ED}
		{9AB68BF8-0A9B-43BF-9FA1-6EFBCE3C3FE4} = {AF85882C-FF1C-6406-4457-EB3E9E1478ED}
		{076F6715-4E20-4DFC-9331-AF12610F79D8} = {AF85882C-FF1C-6406-4457-EB3E9E1478ED}
		{93592052-48B1-4E1A-BBED-DB7A457CA1E7} = {AF85882C-FF1C-6406-4457-EB3E9E1478ED}
		{34FA0662-FA8F-48DE-B4CD-5CBFF81EFDB5} = {AF85882C-FF1C-6406-4457-EB3E9E1478ED}
		{D41292A7-1699-4059-9461-2A230456E09F} = {AF85882C-FF1C-6406-4457-EB3E9E1478ED}
	EndGlobalSection
EndGlobal
